
Microsoft Visual Studio Solution File, Format Version 12.00
# Visual Studio Version 16
VisualStudioVersion = 16.0.30804.86
MinimumVisualStudioVersion = 10.0.40219.1
Project("{9A19103F-16F7-4668-BE54-9A1E7A4F7556}") = "Xedge.Web", "Xedge.Web\Xedge.Web.csproj", "{8037001F-E9FD-4C8D-8DA2-96160A0ADC4D}"
EndProject
Project("{9A19103F-16F7-4668-BE54-9A1E7A4F7556}") = "Xedge.Business", "Xedge.Business\Xedge.Business.csproj", "{465B03CB-1918-4B6D-99BC-FB4C35E03B2B}"
EndProject
Project("{9A19103F-16F7-4668-BE54-9A1E7A4F7556}") = "Xedge.Domain", "Xedge.Domain\Xedge.Domain.csproj", "{A31EB034-EEE0-4811-8D82-FB56FE8BA41E}"
EndProject
Project("{9A19103F-16F7-4668-BE54-9A1E7A4F7556}") = "Xedge.Infrastructure", "Xedge.Infrastructure\Xedge.Infrastructure.csproj", "{0B8037B8-FCE3-48A4-8CF6-A2DCE0D0A6F6}"
EndProject
Project("{9A19103F-16F7-4668-BE54-9A1E7A4F7556}") = "Xedge.Repo", "Xedge.Repo\Xedge.Repo.csproj", "{CA151FDE-59C5-4037-BF98-D5E002A02CD9}"
EndProject
Project("{9A19103F-16F7-4668-BE54-9A1E7A4F7556}") = "Xedge.Resources", "Xedge.Resources\Xedge.Resources.csproj", "{70425C77-5275-44E5-A17E-4E49B5D51393}"
EndProject
Global
	GlobalSection(SolutionConfigurationPlatforms) = preSolution
		Debug|Any CPU = Debug|Any CPU
		Release|Any CPU = Release|Any CPU
	EndGlobalSection
	GlobalSection(ProjectConfigurationPlatforms) = postSolution
		{8037001F-E9FD-4C8D-8DA2-96160A0ADC4D}.Debug|Any CPU.ActiveCfg = Debug|Any CPU
		{8037001F-E9FD-4C8D-8DA2-96160A0ADC4D}.Debug|Any CPU.Build.0 = Debug|Any CPU
		{8037001F-E9FD-4C8D-8DA2-96160A0ADC4D}.Release|Any CPU.ActiveCfg = Release|Any CPU
		{8037001F-E9FD-4C8D-8DA2-96160A0ADC4D}.Release|Any CPU.Build.0 = Release|Any CPU
		{465B03CB-1918-4B6D-99BC-FB4C35E03B2B}.Debug|Any CPU.ActiveCfg = Debug|Any CPU
		{465B03CB-1918-4B6D-99BC-FB4C35E03B2B}.Debug|Any CPU.Build.0 = Debug|Any CPU
		{465B03CB-1918-4B6D-99BC-FB4C35E03B2B}.Release|Any CPU.ActiveCfg = Release|Any CPU
		{465B03CB-1918-4B6D-99BC-FB4C35E03B2B}.Release|Any CPU.Build.0 = Release|Any CPU
		{A31EB034-EEE0-4811-8D82-FB56FE8BA41E}.Debug|Any CPU.ActiveCfg = Debug|Any CPU
		{A31EB034-EEE0-4811-8D82-FB56FE8BA41E}.Debug|Any CPU.Build.0 = Debug|Any CPU
		{A31EB034-EEE0-4811-8D82-FB56FE8BA41E}.Release|Any CPU.ActiveCfg = Release|Any CPU
		{A31EB034-EEE0-4811-8D82-FB56FE8BA41E}.Release|Any CPU.Build.0 = Release|Any CPU
		{0B8037B8-FCE3-48A4-8CF6-A2DCE0D0A6F6}.Debug|Any CPU.ActiveCfg = Debug|Any CPU
		{0B8037B8-FCE3-48A4-8CF6-A2DCE0D0A6F6}.Debug|Any CPU.Build.0 = Debug|Any CPU
		{0B8037B8-FCE3-48A4-8CF6-A2DCE0D0A6F6}.Release|Any CPU.ActiveCfg = Release|Any CPU
		{0B8037B8-FCE3-48A4-8CF6-A2DCE0D0A6F6}.Release|Any CPU.Build.0 = Release|Any CPU
		{CA151FDE-59C5-4037-BF98-D5E002A02CD9}.Debug|Any CPU.ActiveCfg = Debug|Any CPU
		{CA151FDE-59C5-4037-BF98-D5E002A02CD9}.Debug|Any CPU.Build.0 = Debug|Any CPU
		{CA151FDE-59C5-4037-BF98-D5E002A02CD9}.Release|Any CPU.ActiveCfg = Release|Any CPU
		{CA151FDE-59C5-4037-BF98-D5E002A02CD9}.Release|Any CPU.Build.0 = Release|Any CPU
		{70425C77-5275-44E5-A17E-4E49B5D51393}.Debug|Any CPU.ActiveCfg = Debug|Any CPU
		{70425C77-5275-44E5-A17E-4E49B5D51393}.Debug|Any CPU.Build.0 = Debug|Any CPU
		{70425C77-5275-44E5-A17E-4E49B5D51393}.Release|Any CPU.ActiveCfg = Release|Any CPU
		{70425C77-5275-44E5-A17E-4E49B5D51393}.Release|Any CPU.Build.0 = Release|Any CPU
	EndGlobalSection
	GlobalSection(SolutionProperties) = preSolution
		HideSolutionNode = FALSE
	EndGlobalSection
	GlobalSection(ExtensibilityGlobals) = postSolution
		SolutionGuid = {C9CECF98-04D6-4B19-BA15-EC829F24E8C6}
	EndGlobalSection
EndGlobal
